// !$*UTF8*$!
{
	archiveVersion = 1;
	classes = {
	};
	objectVersion = 50;
	objects = {

/* Begin PBXBuildFile section */
		E83B46C32144053500D8F4B0 /* AppDelegate.swift in Sources */ = {isa = PBXBuildFile; fileRef = E83B46C22144053500D8F4B0 /* AppDelegate.swift */; };
		E83B46C52144053500D8F4B0 /* art.scnassets in Resources */ = {isa = PBXBuildFile; fileRef = E83B46C42144053500D8F4B0 /* art.scnassets */; };
		E83B46C72144053500D8F4B0 /* ViewController.swift in Sources */ = {isa = PBXBuildFile; fileRef = E83B46C62144053500D8F4B0 /* ViewController.swift */; };
		E83B46CA2144053500D8F4B0 /* Main.storyboard in Resources */ = {isa = PBXBuildFile; fileRef = E83B46C82144053500D8F4B0 /* Main.storyboard */; };
		E83B46CC2144053700D8F4B0 /* Assets.xcassets in Resources */ = {isa = PBXBuildFile; fileRef = E83B46CB2144053700D8F4B0 /* Assets.xcassets */; };
		E83B46CF2144053700D8F4B0 /* LaunchScreen.storyboard in Resources */ = {isa = PBXBuildFile; fileRef = E83B46CD2144053700D8F4B0 /* LaunchScreen.storyboard */; };
		E83B46D721440A6A00D8F4B0 /* video1.mp4 in Resources */ = {isa = PBXBuildFile; fileRef = E83B46D621440A6A00D8F4B0 /* video1.mp4 */; };
		E83B46D921441D5200D8F4B0 /* video2.mp4 in Resources */ = {isa = PBXBuildFile; fileRef = E83B46D821441D5200D8F4B0 /* video2.mp4 */; };
/* End PBXBuildFile section */

/* Begin PBXFileReference section */
		E83B46BF2144053500D8F4B0 /* ARHacking.app */ = {isa = PBXFileReference; explicitFileType = wrapper.application; includeInIndex = 0; path = ARHacking.app; sourceTree = BUILT_PRODUCTS_DIR; };
		E83B46C22144053500D8F4B0 /* AppDelegate.swift */ = {isa = PBXFileReference; lastKnownFileType = sourcecode.swift; path = AppDelegate.swift; sourceTree = "<group>"; };
		E83B46C42144053500D8F4B0 /* art.scnassets */ = {isa = PBXFileReference; lastKnownFileType = wrapper.scnassets; path = art.scnassets; sourceTree = "<group>"; };
		E83B46C62144053500D8F4B0 /* ViewController.swift */ = {isa = PBXFileReference; lastKnownFileType = sourcecode.swift; path = ViewController.swift; sourceTree = "<group>"; };
		E83B46C92144053500D8F4B0 /* Base */ = {isa = PBXFileReference; lastKnownFileType = file.storyboard; name = Base; path = Base.lproj/Main.storyboard; sourceTree = "<group>"; };
		E83B46CB2144053700D8F4B0 /* Assets.xcassets */ = {isa = PBXFileReference; lastKnownFileType = folder.assetcatalog; path = Assets.xcassets; sourceTree = "<group>"; };
		E83B46CE2144053700D8F4B0 /* Base */ = {isa = PBXFileReference; lastKnownFileType = file.storyboard; name = Base; path = Base.lproj/LaunchScreen.storyboard; sourceTree = "<group>"; };
		E83B46D02144053700D8F4B0 /* Info.plist */ = {isa = PBXFileReference; lastKnownFileType = text.plist.xml; path = Info.plist; sourceTree = "<group>"; };
		E83B46D621440A6A00D8F4B0 /* video1.mp4 */ = {isa = PBXFileReference; lastKnownFileType = file; path = video1.mp4; sourceTree = "<group>"; };
		E83B46D821441D5200D8F4B0 /* video2.mp4 */ = {isa = PBXFileReference; lastKnownFileType = file; path = video2.mp4; sourceTree = "<group>"; };
/* End PBXFileReference section */

/* Begin PBXFrameworksBuildPhase section */
		E83B46BC2144053500D8F4B0 /* Frameworks */ = {
			isa = PBXFrameworksBuildPhase;
			buildActionMask = 2147483647;
			files = (
			);
			runOnlyForDeploymentPostprocessing = 0;
		};
/* End PBXFrameworksBuildPhase section */

/* Begin PBXGroup section */
		E83B46B62144053500D8F4B0 = {
			isa = PBXGroup;
			children = (
				E83B46C12144053500D8F4B0 /* ARHacking */,
				E83B46C02144053500D8F4B0 /* Products */,
			);
			sourceTree = "<group>";
		};
		E83B46C02144053500D8F4B0 /* Products */ = {
			isa = PBXGroup;
			children = (
				E83B46BF2144053500D8F4B0 /* ARHacking.app */,
			);
			name = Products;
			sourceTree = "<group>";
		};
		E83B46C12144053500D8F4B0 /* ARHacking */ = {
			isa = PBXGroup;
			children = (
				E83B46C22144053500D8F4B0 /* AppDelegate.swift */,
				E83B46D621440A6A00D8F4B0 /* video1.mp4 */,
				E83B46D821441D5200D8F4B0 /* video2.mp4 */,
				E83B46C42144053500D8F4B0 /* art.scnassets */,
				E83B46C62144053500D8F4B0 /* ViewController.swift */,
				E83B46C82144053500D8F4B0 /* Main.storyboard */,
				E83B46CB2144053700D8F4B0 /* Assets.xcassets */,
				E83B46CD2144053700D8F4B0 /* LaunchScreen.storyboard */,
				E83B46D02144053700D8F4B0 /* Info.plist */,
			);
			path = ARHacking;
			sourceTree = "<group>";
		};
/* End PBXGroup section */

/* Begin PBXNativeTarget section */
		E83B46BE2144053500D8F4B0 /* ARHacking */ = {
			isa = PBXNativeTarget;
			buildConfigurationList = E83B46D32144053700D8F4B0 /* Build configuration list for PBXNativeTarget "ARHacking" */;
			buildPhases = (
				E83B46BB2144053500D8F4B0 /* Sources */,
				E83B46BC2144053500D8F4B0 /* Frameworks */,
				E83B46BD2144053500D8F4B0 /* Resources */,
			);
			buildRules = (
			);
			dependencies = (
			);
			name = ARHacking;
			productName = ARHacking;
			productReference = E83B46BF2144053500D8F4B0 /* ARHacking.app */;
			productType = "com.apple.product-type.application";
		};
/* End PBXNativeTarget section */

/* Begin PBXProject section */
		E83B46B72144053500D8F4B0 /* Project object */ = {
			isa = PBXProject;
			attributes = {
				LastSwiftUpdateCheck = 1000;
				LastUpgradeCheck = 1000;
				ORGANIZATIONNAME = Mitrevski;
				TargetAttributes = {
					E83B46BE2144053500D8F4B0 = {
						CreatedOnToolsVersion = 10.0;
					};
				};
			};
			buildConfigurationList = E83B46BA2144053500D8F4B0 /* Build configuration list for PBXProject "ARHacking" */;
			compatibilityVersion = "Xcode 9.3";
			developmentRegion = en;
			hasScannedForEncodings = 0;
			knownRegions = (
				en,
				Base,
			);
			mainGroup = E83B46B62144053500D8F4B0;
			productRefGroup = E83B46C02144053500D8F4B0 /* Products */;
			projectDirPath = "";
			projectRoot = "";
			targets = (
				E83B46BE2144053500D8F4B0 /* ARHacking */,
			);
		};
/* End PBXProject section */

/* Begin PBXResourcesBuildPhase section */
		E83B46BD2144053500D8F4B0 /* Resources */ = {
			isa = PBXResourcesBuildPhase;
			buildActionMask = 2147483647;
			files = (
				E83B46C52144053500D8F4B0 /* art.scnassets in Resources */,
				E83B46D721440A6A00D8F4B0 /* video1.mp4 in Resources */,
				E83B46D921441D5200D8F4B0 /* video2.mp4 in Resources */,
				E83B46CF2144053700D8F4B0 /* LaunchScreen.storyboard in Resources */,
				E83B46CC2144053700D8F4B0 /* Assets.xcassets in Resources */,
				E83B46CA2144053500D8F4B0 /* Main.storyboard in Resources */,
			);
			runOnlyForDeploymentPostprocessing = 0;
		};
/* End PBXResourcesBuildPhase section */

/* Begin PBXSourcesBuildPhase section */
		E83B46BB2144053500D8F4B0 /* Sources */ = {
			isa = PBXSourcesBuildPhase;
			buildActionMask = 2147483647;
			files = (
				E83B46C72144053500D8F4B0 /* ViewController.swift in Sources */,
				E83B46C32144053500D8F4B0 /* AppDelegate.swift in Sources */,
			);
			runOnlyForDeploymentPostprocessing = 0;
		};
/* End PBXSourcesBuildPhase section */

/* Begin PBXVariantGroup section */
		E83B46C82144053500D8F4B0 /* Main.storyboard */ = {
			isa = PBXVariantGroup;
			children = (
				E83B46C92144053500D8F4B0 /* Base */,
			);
			name = Main.storyboard;
			sourceTree = "<group>";
		};
		E83B46CD2144053700D8F4B0 /* LaunchScreen.storyboard */ = {
			isa = PBXVariantGroup;
			children = (
				E83B46CE2144053700D8F4B0 /* Base */,
			);
			name = LaunchScreen.storyboard;
			sourceTree = "<group>";
		};
/* End PBXVariantGroup section */

/* Begin XCBuildConfiguration section */
		E83B46D12144053700D8F4B0 /* Debug */ = {
			isa = XCBuildConfiguration;
			buildSettings = {
				ALWAYS_SEARCH_USER_PATHS = NO;
				CLANG_ANALYZER_NONNULL = YES;
				CLANG_ANALYZER_NUMBER_OBJECT_CONVERSION = YES_AGGRESSIVE;
				CLANG_CXX_LANGUAGE_STANDARD = "gnu++14";
				CLANG_CXX_LIBRARY = "libc++";
				CLANG_ENABLE_MODULES = YES;
				CLANG_ENABLE_OBJC_ARC = YES;
				CLANG_ENABLE_OBJC_WEAK = YES;
				CLANG_WARN_BLOCK_CAPTURE_AUTORELEASING = YES;
				CLANG_WARN_BOOL_CONVERSION = YES;
				CLANG_WARN_COMMA = YES;
				CLANG_WARN_CONSTANT_CONVERSION = YES;
				CLANG_WARN_DEPRECATED_OBJC_IMPLEMENTATIONS = YES;
				CLANG_WARN_DIRECT_OBJC_ISA_USAGE = YES_ERROR;
				CLANG_WARN_DOCUMENTATION_COMMENTS = YES;
				CLANG_WARN_EMPTY_BODY = YES;
				CLANG_WARN_ENUM_CONVERSION = YES;
				CLANG_WARN_INFINITE_RECURSION = YES;
				CLANG_WARN_INT_CONVERSION = YES;
				CLANG_WARN_NON_LITERAL_NULL_CONVERSION = YES;
				CLANG_WARN_OBJC_IMPLICIT_RETAIN_SELF = YES;
				CLANG_WARN_OBJC_LITERAL_CONVERSION = YES;
				CLANG_WARN_OBJC_ROOT_CLASS = YES_ERROR;
				CLANG_WARN_RANGE_LOOP_ANALYSIS = YES;
				CLANG_WARN_STRICT_PROTOTYPES = YES;
				CLANG_WARN_SUSPICIOUS_MOVE = YES;
				CLANG_WARN_UNGUARDED_AVAILABILITY = YES_AGGRESSIVE;
				CLANG_WARN_UNREACHABLE_CODE = YES;
				CLANG_WARN__DUPLICATE_METHOD_MATCH = YES;
				CODE_SIGN_IDENTITY = "iPhone Developer";
				COPY_PHASE_STRIP = NO;
				DEBUG_INFORMATION_FORMAT = dwarf;
				ENABLE_STRICT_OBJC_MSGSEND = YES;
				ENABLE_TESTABILITY = YES;
				GCC_C_LANGUAGE_STANDARD = gnu11;
				GCC_DYNAMIC_NO_PIC = NO;
				GCC_NO_COMMON_BLOCKS = YES;
				GCC_OPTIMIZATION_LEVEL = 0;
				GCC_PREPROCESSOR_DEFINITIONS = (
					"DEBUG=1",
					"$(inherited)",
				);
				GCC_WARN_64_TO_32_BIT_CONVERSION = YES;
				GCC_WARN_ABOUT_RETURN_TYPE = YES_ERROR;
				GCC_WARN_UNDECLARED_SELECTOR = YES;
				GCC_WARN_UNINITIALIZED_AUTOS = YES_AGGRESSIVE;
				GCC_WARN_UNUSED_FUNCTION = YES;
				GCC_WARN_UNUSED_VARIABLE = YES;
				IPHONEOS_DEPLOYMENT_TARGET = 12.0;
				MTL_ENABLE_DEBUG_INFO = INCLUDE_SOURCE;
				MTL_FAST_MATH = YES;
				ONLY_ACTIVE_ARCH = YES;
				SDKROOT = iphoneos;
				SWIFT_ACTIVE_COMPILATION_CONDITIONS = DEBUG;
				SWIFT_OPTIMIZATION_LEVEL = "-Onone";
			};
			name = Debug;
		};
		E83B46D22144053700D8F4B0 /* Release */ = {
			isa = XCBuildConfiguration;
			buildSettings = {
				ALWAYS_SEARCH_USER_PATHS = NO;
				CLANG_ANALYZER_NONNULL = YES;
				CLANG_ANALYZER_NUMBER_OBJECT_CONVERSION = YES_AGGRESSIVE;
				CLANG_CXX_LANGUAGE_STANDARD = "gnu++14";
				CLANG_CXX_LIBRARY = "libc++";
				CLANG_ENABLE_MODULES = YES;
				CLANG_ENABLE_OBJC_ARC = YES;
				CLANG_ENABLE_OBJC_WEAK = YES;
				CLANG_WARN_BLOCK_CAPTURE_AUTORELEASING = YES;
				CLANG_WARN_BOOL_CONVERSION = YES;
				CLANG_WARN_COMMA = YES;
				CLANG_WARN_CONSTANT_CONVERSION = YES;
				CLANG_WARN_DEPRECATED_OBJC_IMPLEMENTATIONS = YES;
				CLANG_WARN_DIRECT_OBJC_ISA_USAGE = YES_ERROR;
				CLANG_WARN_DOCUMENTATION_COMMENTS = YES;
				CLANG_WARN_EMPTY_BODY = YES;
				CLANG_WARN_ENUM_CONVERSION = YES;
				CLANG_WARN_INFINITE_RECURSION = YES;
				CLANG_WARN_INT_CONVERSION = YES;
				CLANG_WARN_NON_LITERAL_NULL_CONVERSION = YES;
				CLANG_WARN_OBJC_IMPLICIT_RETAIN_SELF = YES;
				CLANG_WARN_OBJC_LITERAL_CONVERSION = YES;
				CLANG_WARN_OBJC_ROOT_CLASS = YES_ERROR;
				CLANG_WARN_RANGE_LOOP_ANALYSIS = YES;
				CLANG_WARN_STRICT_PROTOTYPES = YES;
				CLANG_WARN_SUSPICIOUS_MOVE = YES;
				CLANG_WARN_UNGUARDED_AVAILABILITY = YES_AGGRESSIVE;
				CLANG_WARN_UNREACHABLE_CODE = YES;
				CLANG_WARN__DUPLICATE_METHOD_MATCH = YES;
				CODE_SIGN_IDENTITY = "iPhone Developer";
				COPY_PHASE_STRIP = NO;
				DEBUG_INFORMATION_FORMAT = "dwarf-with-dsym";
				ENABLE_NS_ASSERTIONS = NO;
				ENABLE_STRICT_OBJC_MSGSEND = YES;
				GCC_C_LANGUAGE_STANDARD = gnu11;
				GCC_NO_COMMON_BLOCKS = YES;
				GCC_WARN_64_TO_32_BIT_CONVERSION = YES;
				GCC_WARN_ABOUT_RETURN_TYPE = YES_ERROR;
				GCC_WARN_UNDECLARED_SELECTOR = YES;
				GCC_WARN_UNINITIALIZED_AUTOS = YES_AGGRESSIVE;
				GCC_WARN_UNUSED_FUNCTION = YES;
				GCC_WARN_UNUSED_VARIABLE = YES;
				IPHONEOS_DEPLOYMENT_TARGET = 12.0;
				MTL_ENABLE_DEBUG_INFO = NO;
				MTL_FAST_MATH = YES;
				SDKROOT = iphoneos;
				SWIFT_COMPILATION_MODE = wholemodule;
				SWIFT_OPTIMIZATION_LEVEL = "-O";
				VALIDATE_PRODUCT = YES;
			};
			name = Release;
		};
		E83B46D42144053700D8F4B0 /* Debug */ = {
			isa = XCBuildConfiguration;
			buildSettings = {
				ASSETCATALOG_COMPILER_APPICON_NAME = AppIcon;
				CODE_SIGN_STYLE = Automatic;
				DEVELOPMENT_TEAM = UAM22JDBB2;
				INFOPLIST_FILE = ARHacking/Info.plist;
				LD_RUNPATH_SEARCH_PATHS = (
					"$(inherited)",
					"@executable_path/Frameworks",
				);
				PRODUCT_BUNDLE_IDENTIFIER = com.mitrevski.ARHacking;
				PRODUCT_NAME = "$(TARGET_NAME)";
				SWIFT_VERSION = 4.2;
				TARGETED_DEVICE_FAMILY = "1,2";
			};
			name = Debug;
		};
		E83B46D52144053700D8F4B0 /* Release */ = {
			isa = XCBuildConfiguration;
			buildSettings = {
				ASSETCATALOG_COMPILER_APPICON_NAME = AppIcon;
				CODE_SIGN_STYLE = Automatic;
				DEVELOPMENT_TEAM = UAM22JDBB2;
				INFOPLIST_FILE = ARHacking/Info.plist;
				LD_RUNPATH_SEARCH_PATHS = (
					"$(inherited)",
					"@executable_path/Frameworks",
				);
				PRODUCT_BUNDLE_IDENTIFIER = com.mitrevski.ARHacking;
				PRODUCT_NAME = "$(TARGET_NAME)";
				SWIFT_VERSION = 4.2;
				TARGETED_DEVICE_FAMILY = "1,2";
			};
			name = Release;
		};
/* End XCBuildConfiguration section */

/* Begin XCConfigurationList section */
		E83B46BA2144053500D8F4B0 /* Build configuration list for PBXProject "ARHacking" */ = {
			isa = XCConfigurationList;
			buildConfigurations = (
				E83B46D12144053700D8F4B0 /* Debug */,
				E83B46D22144053700D8F4B0 /* Release */,
			);
			defaultConfigurationIsVisible = 0;
			defaultConfigurationName = Release;
		};
		E83B46D32144053700D8F4B0 /* Build configuration list for PBXNativeTarget "ARHacking" */ = {
			isa = XCConfigurationList;
			buildConfigurations = (
				E83B46D42144053700D8F4B0 /* Debug */,
				E83B46D52144053700D8F4B0 /* Release */,
			);
			defaultConfigurationIsVisible = 0;
			defaultConfigurationName = Release;
		};
/* End XCConfigurationList section */
	};
	rootObject = E83B46B72144053500D8F4B0 /* Project object */;
}
